github.com/seanlee0923/plscli v0.0.0-20250528082931-1b2ed9d67b2b h1:9Q30fc7/5Mpr9SgJaB1poUZ64k63JzaZMKPS7cqkALs=
github.com/seanlee0923/plscli v0.0.0-20250528082931-1b2ed9d67b2b/go.mod h1:oZGDNEnkaCzb3FIywXm5F2N7RbU//XdnvDfxGrP8dyw=
github.com/seanlee0923/plscli v0.0.0-20250528083120-df6a900de892 h1:r2A/frwfCYv8ibBt738aM68qYWZ5iJCHwqAmERGgT7Q=
github.com/seanlee0923/plscli v0.0.0-20250528083120-df6a900de892/go.mod h1:oZGDNEnkaCzb3FIywXm5F2N7RbU//XdnvDfxGrP8dyw=
